
Microsoft Visual Studio Solution File, Format Version 12.00
# Visual Studio Version 17
VisualStudioVersion = 17.4.33205.214
MinimumVisualStudioVersion = 10.0.40219.1
Project("{FAE04EC0-301F-11D3-BF4B-00C04F79EFBC}") = "CaseStudy_juhee_2546152", "CaseStudy_juhee_2546152\CaseStudy_juhee_2546152.csproj", "{CE168C6E-B743-4463-B100-BC78E0A0BD1D}"
EndProject
Global
	GlobalSection(SolutionConfigurationPlatforms) = preSolution
		Debug|Any CPU = Debug|Any CPU
		Release|Any CPU = Release|Any CPU
	EndGlobalSection
	GlobalSection(ProjectConfigurationPlatforms) = postSolution
		{CE168C6E-B743-4463-B100-BC78E0A0BD1D}.Debug|Any CPU.ActiveCfg = Debug|Any CPU
		{CE168C6E-B743-4463-B100-BC78E0A0BD1D}.Debug|Any CPU.Build.0 = Debug|Any CPU
		{CE168C6E-B743-4463-B100-BC78E0A0BD1D}.Release|Any CPU.ActiveCfg = Release|Any CPU
		{CE168C6E-B743-4463-B100-BC78E0A0BD1D}.Release|Any CPU.Build.0 = Release|Any CPU
	EndGlobalSection
	GlobalSection(SolutionProperties) = preSolution
		HideSolutionNode = FALSE
	EndGlobalSection
	GlobalSection(ExtensibilityGlobals) = postSolution
		SolutionGuid = {57C9DAC2-4E18-4B1D-93A9-628248520FB2}
	EndGlobalSection
EndGlobal
